
Microsoft Visual Studio Solution File, Format Version 12.00
# Visual Studio 14
VisualStudioVersion = 14.0.23107.0
MinimumVisualStudioVersion = 10.0.40219.1
Project("{8BC9CEB8-8B4A-11D0-8D11-00A0C91BC942}") = "Wake", "Wol.vcxproj", "{140BF8B4-1B39-4C61-8776-83DB2E5B9F97}"
EndProject
Global
	GlobalSection(SolutionConfigurationPlatforms) = preSolution
		Debug|Win32 = Debug|Win32
		Release|Win32 = Release|Win32
	EndGlobalSection
	GlobalSection(ProjectConfigurationPlatforms) = postSolution
		{140BF8B4-1B39-4C61-8776-83DB2E5B9F97}.Debug|Win32.ActiveCfg = Debug|Win32
		{140BF8B4-1B39-4C61-8776-83DB2E5B9F97}.Debug|Win32.Build.0 = Debug|Win32
		{140BF8B4-1B39-4C61-8776-83DB2E5B9F97}.Release|Win32.ActiveCfg = Release|Win32
		{140BF8B4-1B39-4C61-8776-83DB2E5B9F97}.Release|Win32.Build.0 = Release|Win32
	EndGlobalSection
	GlobalSection(SolutionProperties) = preSolution
		HideSolutionNode = FALSE
	EndGlobalSection
EndGlobal
